
Microsoft Visual Studio Solution File, Format Version 12.00
# Visual Studio Version 17
VisualStudioVersion = 17.8.34309.116
MinimumVisualStudioVersion = 10.0.40219.1
Project("{FAE04EC0-301F-11D3-BF4B-00C04F79EFBC}") = "pack", "pack.csproj", "{263C5C85-66DA-4027-A4CC-B3C6BA5F2A30}"
EndProject
Global
	GlobalSection(SolutionConfigurationPlatforms) = preSolution
		Debug|Any CPU = Debug|Any CPU
		Release|Any CPU = Release|Any CPU
	EndGlobalSection
	GlobalSection(ProjectConfigurationPlatforms) = postSolution
		{263C5C85-66DA-4027-A4CC-B3C6BA5F2A30}.Debug|Any CPU.ActiveCfg = Debug|Any CPU
		{263C5C85-66DA-4027-A4CC-B3C6BA5F2A30}.Debug|Any CPU.Build.0 = Debug|Any CPU
		{263C5C85-66DA-4027-A4CC-B3C6BA5F2A30}.Release|Any CPU.ActiveCfg = Release|Any CPU
		{263C5C85-66DA-4027-A4CC-B3C6BA5F2A30}.Release|Any CPU.Build.0 = Release|Any CPU
	EndGlobalSection
	GlobalSection(SolutionProperties) = preSolution
		HideSolutionNode = FALSE
	EndGlobalSection
	GlobalSection(ExtensibilityGlobals) = postSolution
		SolutionGuid = {DFC1E418-BFAB-4015-8925-DC4A390FEF98}
	EndGlobalSection
EndGlobal
